
Microsoft Visual Studio Solution File, Format Version 12.00
# Visual Studio Version 16
VisualStudioVersion = 16.0.31624.102
MinimumVisualStudioVersion = 10.0.40219.1
Project("{FAE04EC0-301F-11D3-BF4B-00C04F79EFBC}") = "TelecomCustomerPortal.Web", "TelecomCustomerPortal.Web\TelecomCustomerPortal.Web.csproj", "{234C33AE-0157-4478-9D23-19FD413D687F}"
EndProject
Project("{FAE04EC0-301F-11D3-BF4B-00C04F79EFBC}") = "TelecomCustomerPortal.Domain", "TelecomCustomerPortal.Domain\TelecomCustomerPortal.Domain.csproj", "{543B0925-7679-449B-BC85-D93726BD3652}"
EndProject
Project("{FAE04EC0-301F-11D3-BF4B-00C04F79EFBC}") = "TelecomCustomerPortal.Data", "TelecomCustomerPortal.Data\TelecomCustomerPortal.Data.csproj", "{AE70841D-C96C-494A-8980-A23CE1F3B2A8}"
EndProject
Global
	GlobalSection(SolutionConfigurationPlatforms) = preSolution
		Debug|Any CPU = Debug|Any CPU
		Release|Any CPU = Release|Any CPU
	EndGlobalSection
	GlobalSection(ProjectConfigurationPlatforms) = postSolution
		{234C33AE-0157-4478-9D23-19FD413D687F}.Debug|Any CPU.ActiveCfg = Debug|Any CPU
		{234C33AE-0157-4478-9D23-19FD413D687F}.Debug|Any CPU.Build.0 = Debug|Any CPU
		{234C33AE-0157-4478-9D23-19FD413D687F}.Release|Any CPU.ActiveCfg = Release|Any CPU
		{234C33AE-0157-4478-9D23-19FD413D687F}.Release|Any CPU.Build.0 = Release|Any CPU
		{543B0925-7679-449B-BC85-D93726BD3652}.Debug|Any CPU.ActiveCfg = Debug|Any CPU
		{543B0925-7679-449B-BC85-D93726BD3652}.Debug|Any CPU.Build.0 = Debug|Any CPU
		{543B0925-7679-449B-BC85-D93726BD3652}.Release|Any CPU.ActiveCfg = Release|Any CPU
		{543B0925-7679-449B-BC85-D93726BD3652}.Release|Any CPU.Build.0 = Release|Any CPU
		{AE70841D-C96C-494A-8980-A23CE1F3B2A8}.Debug|Any CPU.ActiveCfg = Debug|Any CPU
		{AE70841D-C96C-494A-8980-A23CE1F3B2A8}.Debug|Any CPU.Build.0 = Debug|Any CPU
		{AE70841D-C96C-494A-8980-A23CE1F3B2A8}.Release|Any CPU.ActiveCfg = Release|Any CPU
		{AE70841D-C96C-494A-8980-A23CE1F3B2A8}.Release|Any CPU.Build.0 = Release|Any CPU
	EndGlobalSection
	GlobalSection(SolutionProperties) = preSolution
		HideSolutionNode = FALSE
	EndGlobalSection
	GlobalSection(ExtensibilityGlobals) = postSolution
		SolutionGuid = {498754AB-7B32-4A42-A25E-C38ECD0ECB41}
	EndGlobalSection
EndGlobal
